
Microsoft Visual Studio Solution File, Format Version 12.00
# Visual Studio 2013
VisualStudioVersion = 12.0.20910.1
MinimumVisualStudioVersion = 10.0.40219.1
Project("{FAE04EC0-301F-11D3-BF4B-00C04F79EFBC}") = "MvcMusicStore", "MvcMusicStore\MvcMusicStore.csproj", "{7EE5ED17-4098-4DC5-9F59-0C5D021A13F2}"
EndProject
Project("{FAE04EC0-301F-11D3-BF4B-00C04F79EFBC}") = "MvcMusicStore.Tests", "MvcMusicStore.Tests\MvcMusicStore.Tests.csproj", "{73F3B945-350E-41BC-8B0D-1E5D1F040099}"
EndProject
Project("{2150E333-8FDC-42A3-9474-1A3956D46DE8}") = ".nuget", ".nuget", "{4FF0EF51-5898-4346-8878-3E7B3481CED7}"
	ProjectSection(SolutionItems) = preProject
		.nuget\NuGet.Config = .nuget\NuGet.Config
		.nuget\NuGet.exe = .nuget\NuGet.exe
		.nuget\NuGet.targets = .nuget\NuGet.targets
	EndProjectSection
EndProject
Global
	GlobalSection(SolutionConfigurationPlatforms) = preSolution
		Debug|Any CPU = Debug|Any CPU
		Release|Any CPU = Release|Any CPU
	EndGlobalSection
	GlobalSection(ProjectConfigurationPlatforms) = postSolution
		{7EE5ED17-4098-4DC5-9F59-0C5D021A13F2}.Debug|Any CPU.ActiveCfg = Debug|Any CPU
		{7EE5ED17-4098-4DC5-9F59-0C5D021A13F2}.Debug|Any CPU.Build.0 = Debug|Any CPU
		{7EE5ED17-4098-4DC5-9F59-0C5D021A13F2}.Release|Any CPU.ActiveCfg = Release|Any CPU
		{7EE5ED17-4098-4DC5-9F59-0C5D021A13F2}.Release|Any CPU.Build.0 = Release|Any CPU
		{73F3B945-350E-41BC-8B0D-1E5D1F040099}.Debug|Any CPU.ActiveCfg = Debug|Any CPU
		{73F3B945-350E-41BC-8B0D-1E5D1F040099}.Debug|Any CPU.Build.0 = Debug|Any CPU
		{73F3B945-350E-41BC-8B0D-1E5D1F040099}.Release|Any CPU.ActiveCfg = Release|Any CPU
		{73F3B945-350E-41BC-8B0D-1E5D1F040099}.Release|Any CPU.Build.0 = Release|Any CPU
	EndGlobalSection
	GlobalSection(SolutionProperties) = preSolution
		HideSolutionNode = FALSE
	EndGlobalSection
EndGlobal
