
Microsoft Visual Studio Solution File, Format Version 12.00
# Visual Studio 14
VisualStudioVersion = 14.0.25420.1
MinimumVisualStudioVersion = 10.0.40219.1
Project("{FAE04EC0-301F-11D3-BF4B-00C04F79EFBC}") = "MvcMusicStore", "MvcMusicStore\MvcMusicStore.csproj", "{86B105CB-EC70-4DCE-B14F-E190F3F7EF39}"
EndProject
Project("{FAE04EC0-301F-11D3-BF4B-00C04F79EFBC}") = "MvcMusicStore.Tests", "MvcMusicStore.Tests\MvcMusicStore.Tests.csproj", "{65EB71B8-5BB8-4D99-BA0F-BC17129D8B20}"
EndProject
Global
	GlobalSection(SolutionConfigurationPlatforms) = preSolution
		Debug|Any CPU = Debug|Any CPU
		Release|Any CPU = Release|Any CPU
	EndGlobalSection
	GlobalSection(ProjectConfigurationPlatforms) = postSolution
		{86B105CB-EC70-4DCE-B14F-E190F3F7EF39}.Debug|Any CPU.ActiveCfg = Debug|Any CPU
		{86B105CB-EC70-4DCE-B14F-E190F3F7EF39}.Debug|Any CPU.Build.0 = Debug|Any CPU
		{86B105CB-EC70-4DCE-B14F-E190F3F7EF39}.Release|Any CPU.ActiveCfg = Release|Any CPU
		{86B105CB-EC70-4DCE-B14F-E190F3F7EF39}.Release|Any CPU.Build.0 = Release|Any CPU
		{65EB71B8-5BB8-4D99-BA0F-BC17129D8B20}.Debug|Any CPU.ActiveCfg = Debug|Any CPU
		{65EB71B8-5BB8-4D99-BA0F-BC17129D8B20}.Debug|Any CPU.Build.0 = Debug|Any CPU
		{65EB71B8-5BB8-4D99-BA0F-BC17129D8B20}.Release|Any CPU.ActiveCfg = Release|Any CPU
		{65EB71B8-5BB8-4D99-BA0F-BC17129D8B20}.Release|Any CPU.Build.0 = Release|Any CPU
	EndGlobalSection
	GlobalSection(SolutionProperties) = preSolution
		HideSolutionNode = FALSE
	EndGlobalSection
EndGlobal
